
Microsoft Visual Studio Solution File, Format Version 12.00
# Visual Studio 15
VisualStudioVersion = 15.0.28307.902
MinimumVisualStudioVersion = 10.0.40219.1
Project("{2150E333-8FDC-42A3-9474-1A3956D46DE8}") = "004_condition_constractions", "004_condition_constractions", "{9E613C53-2049-488B-99C6-996581BFFACF}"
EndProject
Project("{FAE04EC0-301F-11D3-BF4B-00C04F79EFBC}") = "ConsoleCalculator", "ConsoleCalculator\ConsoleCalculator.csproj", "{1A206376-EB0F-4217-BC5D-CD1719736083}"
EndProject
Project("{FAE04EC0-301F-11D3-BF4B-00C04F79EFBC}") = "AdditionalTask", "AdditionalTask\AdditionalTask.csproj", "{64F2FC96-846C-4E33-8FE1-63A6AB9E7B39}"
EndProject
Project("{FAE04EC0-301F-11D3-BF4B-00C04F79EFBC}") = "RangeDefinition", "RangeDefinition\RangeDefinition.csproj", "{AA723425-BB57-4A97-8E88-95175078939A}"
EndProject
Project("{2150E333-8FDC-42A3-9474-1A3956D46DE8}") = "Logic", "Logic", "{BA400E43-1C6E-416D-8CCB-5E8A2A9F1C72}"
EndProject
Project("{FAE04EC0-301F-11D3-BF4B-00C04F79EFBC}") = "001_additional_task", "001_additional_task\001_additional_task.csproj", "{BBA31988-6301-4908-A8CC-E5962384F325}"
EndProject
Project("{FAE04EC0-301F-11D3-BF4B-00C04F79EFBC}") = "002_additional_task", "002_additional_task\002_additional_task.csproj", "{9B0E9B24-6DAB-4843-8E1E-D2D4EB0E0B4C}"
EndProject
Project("{FAE04EC0-301F-11D3-BF4B-00C04F79EFBC}") = "001_logic", "001_logic\001_logic.csproj", "{BDA1F48C-B35D-4BD5-8EF3-2F0631350F29}"
EndProject
Project("{FAE04EC0-301F-11D3-BF4B-00C04F79EFBC}") = "003_logic", "003_logic\003_logic.csproj", "{9C79C1C9-8B4B-4D20-88BA-07C7B9F2C458}"
EndProject
Project("{FAE04EC0-301F-11D3-BF4B-00C04F79EFBC}") = "004_Logic", "004_Logic\004_Logic.csproj", "{C22C0744-37B3-4448-B84B-8D1C30828F67}"
EndProject
Project("{2150E333-8FDC-42A3-9474-1A3956D46DE8}") = "Loops", "Loops", "{911C2251-F9D4-4A04-86A4-971D893709A4}"
EndProject
Global
	GlobalSection(SolutionConfigurationPlatforms) = preSolution
		Debug|Any CPU = Debug|Any CPU
		Release|Any CPU = Release|Any CPU
	EndGlobalSection
	GlobalSection(ProjectConfigurationPlatforms) = postSolution
		{1A206376-EB0F-4217-BC5D-CD1719736083}.Debug|Any CPU.ActiveCfg = Debug|Any CPU
		{1A206376-EB0F-4217-BC5D-CD1719736083}.Debug|Any CPU.Build.0 = Debug|Any CPU
		{1A206376-EB0F-4217-BC5D-CD1719736083}.Release|Any CPU.ActiveCfg = Release|Any CPU
		{1A206376-EB0F-4217-BC5D-CD1719736083}.Release|Any CPU.Build.0 = Release|Any CPU
		{64F2FC96-846C-4E33-8FE1-63A6AB9E7B39}.Debug|Any CPU.ActiveCfg = Debug|Any CPU
		{64F2FC96-846C-4E33-8FE1-63A6AB9E7B39}.Debug|Any CPU.Build.0 = Debug|Any CPU
		{64F2FC96-846C-4E33-8FE1-63A6AB9E7B39}.Release|Any CPU.ActiveCfg = Release|Any CPU
		{64F2FC96-846C-4E33-8FE1-63A6AB9E7B39}.Release|Any CPU.Build.0 = Release|Any CPU
		{AA723425-BB57-4A97-8E88-95175078939A}.Debug|Any CPU.ActiveCfg = Debug|Any CPU
		{AA723425-BB57-4A97-8E88-95175078939A}.Debug|Any CPU.Build.0 = Debug|Any CPU
		{AA723425-BB57-4A97-8E88-95175078939A}.Release|Any CPU.ActiveCfg = Release|Any CPU
		{AA723425-BB57-4A97-8E88-95175078939A}.Release|Any CPU.Build.0 = Release|Any CPU
		{BBA31988-6301-4908-A8CC-E5962384F325}.Debug|Any CPU.ActiveCfg = Debug|Any CPU
		{BBA31988-6301-4908-A8CC-E5962384F325}.Debug|Any CPU.Build.0 = Debug|Any CPU
		{BBA31988-6301-4908-A8CC-E5962384F325}.Release|Any CPU.ActiveCfg = Release|Any CPU
		{BBA31988-6301-4908-A8CC-E5962384F325}.Release|Any CPU.Build.0 = Release|Any CPU
		{9B0E9B24-6DAB-4843-8E1E-D2D4EB0E0B4C}.Debug|Any CPU.ActiveCfg = Debug|Any CPU
		{9B0E9B24-6DAB-4843-8E1E-D2D4EB0E0B4C}.Debug|Any CPU.Build.0 = Debug|Any CPU
		{9B0E9B24-6DAB-4843-8E1E-D2D4EB0E0B4C}.Release|Any CPU.ActiveCfg = Release|Any CPU
		{9B0E9B24-6DAB-4843-8E1E-D2D4EB0E0B4C}.Release|Any CPU.Build.0 = Release|Any CPU
		{BDA1F48C-B35D-4BD5-8EF3-2F0631350F29}.Debug|Any CPU.ActiveCfg = Debug|Any CPU
		{BDA1F48C-B35D-4BD5-8EF3-2F0631350F29}.Debug|Any CPU.Build.0 = Debug|Any CPU
		{BDA1F48C-B35D-4BD5-8EF3-2F0631350F29}.Release|Any CPU.ActiveCfg = Release|Any CPU
		{BDA1F48C-B35D-4BD5-8EF3-2F0631350F29}.Release|Any CPU.Build.0 = Release|Any CPU
		{9C79C1C9-8B4B-4D20-88BA-07C7B9F2C458}.Debug|Any CPU.ActiveCfg = Debug|Any CPU
		{9C79C1C9-8B4B-4D20-88BA-07C7B9F2C458}.Debug|Any CPU.Build.0 = Debug|Any CPU
		{9C79C1C9-8B4B-4D20-88BA-07C7B9F2C458}.Release|Any CPU.ActiveCfg = Release|Any CPU
		{9C79C1C9-8B4B-4D20-88BA-07C7B9F2C458}.Release|Any CPU.Build.0 = Release|Any CPU
		{C22C0744-37B3-4448-B84B-8D1C30828F67}.Debug|Any CPU.ActiveCfg = Debug|Any CPU
		{C22C0744-37B3-4448-B84B-8D1C30828F67}.Debug|Any CPU.Build.0 = Debug|Any CPU
		{C22C0744-37B3-4448-B84B-8D1C30828F67}.Release|Any CPU.ActiveCfg = Release|Any CPU
		{C22C0744-37B3-4448-B84B-8D1C30828F67}.Release|Any CPU.Build.0 = Release|Any CPU
	EndGlobalSection
	GlobalSection(SolutionProperties) = preSolution
		HideSolutionNode = FALSE
	EndGlobalSection
	GlobalSection(NestedProjects) = preSolution
		{1A206376-EB0F-4217-BC5D-CD1719736083} = {9E613C53-2049-488B-99C6-996581BFFACF}
		{64F2FC96-846C-4E33-8FE1-63A6AB9E7B39} = {9E613C53-2049-488B-99C6-996581BFFACF}
		{AA723425-BB57-4A97-8E88-95175078939A} = {9E613C53-2049-488B-99C6-996581BFFACF}
		{BBA31988-6301-4908-A8CC-E5962384F325} = {BA400E43-1C6E-416D-8CCB-5E8A2A9F1C72}
		{9B0E9B24-6DAB-4843-8E1E-D2D4EB0E0B4C} = {BA400E43-1C6E-416D-8CCB-5E8A2A9F1C72}
		{BDA1F48C-B35D-4BD5-8EF3-2F0631350F29} = {BA400E43-1C6E-416D-8CCB-5E8A2A9F1C72}
		{9C79C1C9-8B4B-4D20-88BA-07C7B9F2C458} = {BA400E43-1C6E-416D-8CCB-5E8A2A9F1C72}
		{C22C0744-37B3-4448-B84B-8D1C30828F67} = {BA400E43-1C6E-416D-8CCB-5E8A2A9F1C72}
	EndGlobalSection
	GlobalSection(ExtensibilityGlobals) = postSolution
		SolutionGuid = {DA732F26-D594-4DB9-8673-3ED2FCDBE5FA}
	EndGlobalSection
EndGlobal
